// !$*UTF8*$!
{
	archiveVersion = 1;
	classes = {
	};
	objectVersion = 46;
	objects = {

/* Begin PBXBuildFile section */
		D90095DA1B017A1F008754A9 /* EditPickerCell.swift in Sources */ = {isa = PBXBuildFile; fileRef = D90095D81B017A1F008754A9 /* EditPickerCell.swift */; };
		D90095DB1B017A1F008754A9 /* EditPickerCell.xib in Resources */ = {isa = PBXBuildFile; fileRef = D90095D91B017A1F008754A9 /* EditPickerCell.xib */; };
		D90095E21B071D23008754A9 /* EditAlertRepeatSimpleCell.swift in Sources */ = {isa = PBXBuildFile; fileRef = D90095E01B071D23008754A9 /* EditAlertRepeatSimpleCell.swift */; };
		D90095E31B071D23008754A9 /* EditAlertRepeatSimpleCell.xib in Resources */ = {isa = PBXBuildFile; fileRef = D90095E11B071D23008754A9 /* EditAlertRepeatSimpleCell.xib */; };
		D90095E71B0A8B52008754A9 /* EditAlertRepeatCell.xib in Resources */ = {isa = PBXBuildFile; fileRef = D90095E51B0A8B52008754A9 /* EditAlertRepeatCell.xib */; };
		D90095EA1B0A8B5C008754A9 /* EditAlertRepeatDaysCell.swift in Sources */ = {isa = PBXBuildFile; fileRef = D90095E81B0A8B5C008754A9 /* EditAlertRepeatDaysCell.swift */; };
		D90095EB1B0A8B5C008754A9 /* EditAlertRepeatDaysCell.xib in Resources */ = {isa = PBXBuildFile; fileRef = D90095E91B0A8B5C008754A9 /* EditAlertRepeatDaysCell.xib */; };
		D9072B5D1A59FD5B00904E63 /* EditMonetaryValueCell.xib in Resources */ = {isa = PBXBuildFile; fileRef = D9072B5C1A59FD5B00904E63 /* EditMonetaryValueCell.xib */; };
		D9072B611A5A00AD00904E63 /* EditMonetaryValueCell.swift in Sources */ = {isa = PBXBuildFile; fileRef = D9072B601A5A00AD00904E63 /* EditMonetaryValueCell.swift */; };
		D9102FAF1AD254C100B3AECA /* EditDatePickerCell.swift in Sources */ = {isa = PBXBuildFile; fileRef = D9102FAD1AD254C100B3AECA /* EditDatePickerCell.swift */; };
		D9102FB01AD254C100B3AECA /* EditDatePickerCell.xib in Resources */ = {isa = PBXBuildFile; fileRef = D9102FAE1AD254C100B3AECA /* EditDatePickerCell.xib */; };
		D9102FB21AD3593000B3AECA /* EditDatePickerNarrowCell.xib in Resources */ = {isa = PBXBuildFile; fileRef = D9102FB11AD3593000B3AECA /* EditDatePickerNarrowCell.xib */; };
		D9102FB61AD36DE700B3AECA /* EditDateCell.swift in Sources */ = {isa = PBXBuildFile; fileRef = D9102FB31AD36DE700B3AECA /* EditDateCell.swift */; };
		D9102FB71AD36DE700B3AECA /* EditTimeCell.xib in Resources */ = {isa = PBXBuildFile; fileRef = D9102FB41AD36DE700B3AECA /* EditTimeCell.xib */; };
		D9102FB81AD36DE700B3AECA /* EditTimeNarrowCell.xib in Resources */ = {isa = PBXBuildFile; fileRef = D9102FB51AD36DE700B3AECA /* EditTimeNarrowCell.xib */; };
		D9102FBC1AD662EC00B3AECA /* EditDateCalenderCell.swift in Sources */ = {isa = PBXBuildFile; fileRef = D9102FB91AD662EC00B3AECA /* EditDateCalenderCell.swift */; };
		D9102FBD1AD662EC00B3AECA /* EditDateCalenderCell.xib in Resources */ = {isa = PBXBuildFile; fileRef = D9102FBA1AD662EC00B3AECA /* EditDateCalenderCell.xib */; };
		D9102FBE1AD662EC00B3AECA /* EditDateCalenderNarrowCell.xib in Resources */ = {isa = PBXBuildFile; fileRef = D9102FBB1AD662EC00B3AECA /* EditDateCalenderNarrowCell.xib */; };
		D9143F591A649A6400DFC754 /* EditContractorPercentageCell.swift in Sources */ = {isa = PBXBuildFile; fileRef = D9143F571A649A6400DFC754 /* EditContractorPercentageCell.swift */; };
		D91697BA1A68649000627758 /* EditPickerSwitchCell.swift in Sources */ = {isa = PBXBuildFile; fileRef = D91697B81A68649000627758 /* EditPickerSwitchCell.swift */; };
		D91697BB1A68649000627758 /* EditPickerSwitchCell.xib in Resources */ = {isa = PBXBuildFile; fileRef = D91697B91A68649000627758 /* EditPickerSwitchCell.xib */; };
		D91C62A61BD769C000BC095B /* ToggleCell.swift in Sources */ = {isa = PBXBuildFile; fileRef = D91C62A51BD769C000BC095B /* ToggleCell.swift */; };
		D91E9A8B1A6350A50002F52B /* MyLibrary.swift in Sources */ = {isa = PBXBuildFile; fileRef = D91E9A8A1A6350A50002F52B /* MyLibrary.swift */; };
		D92903541B84017D00888C0E /* EditAlertToneCell.swift in Sources */ = {isa = PBXBuildFile; fileRef = D92903521B84017D00888C0E /* EditAlertToneCell.swift */; };
		D92903551B84017D00888C0E /* EditAlertToneCell.xib in Resources */ = {isa = PBXBuildFile; fileRef = D92903531B84017D00888C0E /* EditAlertToneCell.xib */; };
		D93A9D8E1ABA62490094EF5D /* NewContractors.swift in Sources */ = {isa = PBXBuildFile; fileRef = D93A9D8D1ABA62490094EF5D /* NewContractors.swift */; };
		D949C1561A7FFB2800257EB8 /* ContractorCell.swift in Sources */ = {isa = PBXBuildFile; fileRef = D949C1551A7FFB2800257EB8 /* ContractorCell.swift */; };
		D94C40D81B0C870E00A373C2 /* EditAlertRepeatCell.swift in Sources */ = {isa = PBXBuildFile; fileRef = D94C40D71B0C870E00A373C2 /* EditAlertRepeatCell.swift */; };
		D95376B31A1DC3A100BF4935 /* AppDelegate.swift in Sources */ = {isa = PBXBuildFile; fileRef = D95376B21A1DC3A100BF4935 /* AppDelegate.swift */; };
		D95376B81A1DC3A100BF4935 /* ViewController.swift in Sources */ = {isa = PBXBuildFile; fileRef = D95376B71A1DC3A100BF4935 /* ViewController.swift */; };
		D95376BD1A1DC3A100BF4935 /* Images.xcassets in Resources */ = {isa = PBXBuildFile; fileRef = D95376BC1A1DC3A100BF4935 /* Images.xcassets */; };
		D95376C01A1DC3A100BF4935 /* LaunchScreen.xib in Resources */ = {isa = PBXBuildFile; fileRef = D95376BE1A1DC3A100BF4935 /* LaunchScreen.xib */; };
		D95376CC1A1DC3A100BF4935 /* iOUTests.swift in Sources */ = {isa = PBXBuildFile; fileRef = D95376CB1A1DC3A100BF4935 /* iOUTests.swift */; };
		D95376D61A1DC43700BF4935 /* iOUData.swift in Sources */ = {isa = PBXBuildFile; fileRef = D95376D51A1DC43700BF4935 /* iOUData.swift */; };
		D95376D81A1DC43F00BF4935 /* MainInterfaceContoller.swift in Sources */ = {isa = PBXBuildFile; fileRef = D95376D71A1DC43F00BF4935 /* MainInterfaceContoller.swift */; };
		D95377131A1DE37B00BF4935 /* iOU.xcdatamodeld in Sources */ = {isa = PBXBuildFile; fileRef = D95377111A1DE37B00BF4935 /* iOU.xcdatamodeld */; };
		D95377151A1E06D200BF4935 /* UncoverVerticalSegue.swift in Sources */ = {isa = PBXBuildFile; fileRef = D95377141A1E06D200BF4935 /* UncoverVerticalSegue.swift */; };
		D95377171A1EB60800BF4935 /* EditContractLogic.swift in Sources */ = {isa = PBXBuildFile; fileRef = D95377161A1EB60800BF4935 /* EditContractLogic.swift */; };
		D95377191A1ED1BC00BF4935 /* EditContractController.swift in Sources */ = {isa = PBXBuildFile; fileRef = D95377181A1ED1BC00BF4935 /* EditContractController.swift */; };
		D9545D671A5E1049004D0666 /* Main.storyboard in Resources */ = {isa = PBXBuildFile; fileRef = D95376B91A1DC3A100BF4935 /* Main.storyboard */; };
		D9545D681A5E1078004D0666 /* ContractorEqualFixedCell.swift in Sources */ = {isa = PBXBuildFile; fileRef = D9BF700B1A5E0CDE00F8EBD6 /* ContractorEqualFixedCell.swift */; };
		D9839F3D1A70D69000FA8A4A /* ContractorPartPercentageCell.swift in Sources */ = {isa = PBXBuildFile; fileRef = D9839F3B1A70D69000FA8A4A /* ContractorPartPercentageCell.swift */; };
		D9839F3E1A70D69000FA8A4A /* ContractorPartPercentageCell.xib in Resources */ = {isa = PBXBuildFile; fileRef = D9839F3C1A70D69000FA8A4A /* ContractorPartPercentageCell.xib */; };
		D986DB1E1A59E66400BC4AC3 /* EditContractorFixedCell.swift in Sources */ = {isa = PBXBuildFile; fileRef = D986DB1D1A59E66400BC4AC3 /* EditContractorFixedCell.swift */; };
		D9B59B191A9817F600380A50 /* SelfEqualFixedCell.swift in Sources */ = {isa = PBXBuildFile; fileRef = D9B59B111A9817F600380A50 /* SelfEqualFixedCell.swift */; };
		D9B59B1A1A9817F600380A50 /* SelfEqualFixedCell.xib in Resources */ = {isa = PBXBuildFile; fileRef = D9B59B121A9817F600380A50 /* SelfEqualFixedCell.xib */; };
		D9B59B1B1A9817F600380A50 /* EditSelfFixedCell.swift in Sources */ = {isa = PBXBuildFile; fileRef = D9B59B131A9817F600380A50 /* EditSelfFixedCell.swift */; };
		D9B59B1C1A9817F600380A50 /* EditSelfFixedCell.xib in Resources */ = {isa = PBXBuildFile; fileRef = D9B59B141A9817F600380A50 /* EditSelfFixedCell.xib */; };
		D9B59B1D1A9817F600380A50 /* EditSelfPartCell.swift in Sources */ = {isa = PBXBuildFile; fileRef = D9B59B151A9817F600380A50 /* EditSelfPartCell.swift */; };
		D9B59B1E1A9817F600380A50 /* EditSelfPartCell.xib in Resources */ = {isa = PBXBuildFile; fileRef = D9B59B161A9817F600380A50 /* EditSelfPartCell.xib */; };
		D9B59B1F1A9817F600380A50 /* EditSelfPercentageCell.swift in Sources */ = {isa = PBXBuildFile; fileRef = D9B59B171A9817F600380A50 /* EditSelfPercentageCell.swift */; };
		D9B59B201A9817F600380A50 /* EditSelfPercentageCell.xib in Resources */ = {isa = PBXBuildFile; fileRef = D9B59B181A9817F600380A50 /* EditSelfPercentageCell.xib */; };
		D9B59B231A987A6400380A50 /* SelfPartPercentageCell.swift in Sources */ = {isa = PBXBuildFile; fileRef = D9B59B211A987A6300380A50 /* SelfPartPercentageCell.swift */; };
		D9B59B241A987A6400380A50 /* SelfPartPercentageCell.xib in Resources */ = {isa = PBXBuildFile; fileRef = D9B59B221A987A6400380A50 /* SelfPartPercentageCell.xib */; };
		D9BF700A1A5CF91500F8EBD6 /* WaringController.swift in Sources */ = {isa = PBXBuildFile; fileRef = D9BF70091A5CF91500F8EBD6 /* WaringController.swift */; };
		D9C869491A6F84B600BA5CAC /* EditContractorEqualCell.swift in Sources */ = {isa = PBXBuildFile; fileRef = D9C869471A6F84B600BA5CAC /* EditContractorEqualCell.swift */; };
		D9C8694E1A706E3200BA5CAC /* EditContractorPercentageCell.xib in Resources */ = {isa = PBXBuildFile; fileRef = D9C8694D1A706E3200BA5CAC /* EditContractorPercentageCell.xib */; };
		D9C869501A7071F700BA5CAC /* EditContractorEqualCell.xib in Resources */ = {isa = PBXBuildFile; fileRef = D9C8694F1A7071F700BA5CAC /* EditContractorEqualCell.xib */; };
		D9CA725F1A677CAA00621C32 /* EditTitleCell.swift in Sources */ = {isa = PBXBuildFile; fileRef = D9CA725D1A677CAA00621C32 /* EditTitleCell.swift */; };
		D9CA72601A677CAA00621C32 /* EditTitleCell.xib in Resources */ = {isa = PBXBuildFile; fileRef = D9CA725E1A677CAA00621C32 /* EditTitleCell.xib */; };
		D9E6F0531A5FB45B00E388EE /* EditContractorFixedCell.xib in Resources */ = {isa = PBXBuildFile; fileRef = D9E6F0521A5FB45B00E388EE /* EditContractorFixedCell.xib */; };
		D9E6F0571A5FBA8200E388EE /* ContractorEqualFixedCell.xib in Resources */ = {isa = PBXBuildFile; fileRef = D9E6F0561A5FBA8200E388EE /* ContractorEqualFixedCell.xib */; };
		D9E7FF091A70A34F0049C943 /* EditContractorPartCell.swift in Sources */ = {isa = PBXBuildFile; fileRef = D9E7FF071A70A34F0049C943 /* EditContractorPartCell.swift */; };
		D9E7FF0C1A70A7810049C943 /* EditContractorPartCell.xib in Resources */ = {isa = PBXBuildFile; fileRef = D9E7FF0B1A70A7810049C943 /* EditContractorPartCell.xib */; };
		D9EEF6461A8B2EB3001054A2 /* EditContractorCell.swift in Sources */ = {isa = PBXBuildFile; fileRef = D9EEF6451A8B2EB3001054A2 /* EditContractorCell.swift */; };
		D9F5A7621A60932A00B1B007 /* EditMonetaryValueWithCalculatorCell.swift in Sources */ = {isa = PBXBuildFile; fileRef = D9F5A7601A60932A00B1B007 /* EditMonetaryValueWithCalculatorCell.swift */; };
		D9F5A7631A60932A00B1B007 /* EditMonetaryValueWithCalculatorCell.xib in Resources */ = {isa = PBXBuildFile; fileRef = D9F5A7611A60932A00B1B007 /* EditMonetaryValueWithCalculatorCell.xib */; };
/* End PBXBuildFile section */

/* Begin PBXContainerItemProxy section */
		D95376C61A1DC3A100BF4935 /* PBXContainerItemProxy */ = {
			isa = PBXContainerItemProxy;
			containerPortal = D95376A51A1DC3A100BF4935 /* Project object */;
			proxyType = 1;
			remoteGlobalIDString = D95376AC1A1DC3A100BF4935;
			remoteInfo = iOU;
		};
/* End PBXContainerItemProxy section */

/* Begin PBXFileReference section */
		D90095D81B017A1F008754A9 /* EditPickerCell.swift */ = {isa = PBXFileReference; fileEncoding = 4; lastKnownFileType = sourcecode.swift; path = EditPickerCell.swift; sourceTree = "<group>"; };
		D90095D91B017A1F008754A9 /* EditPickerCell.xib */ = {isa = PBXFileReference; fileEncoding = 4; lastKnownFileType = file.xib; path = EditPickerCell.xib; sourceTree = "<group>"; };
		D90095E01B071D23008754A9 /* EditAlertRepeatSimpleCell.swift */ = {isa = PBXFileReference; fileEncoding = 4; lastKnownFileType = sourcecode.swift; path = EditAlertRepeatSimpleCell.swift; sourceTree = "<group>"; };
		D90095E11B071D23008754A9 /* EditAlertRepeatSimpleCell.xib */ = {isa = PBXFileReference; fileEncoding = 4; lastKnownFileType = file.xib; path = EditAlertRepeatSimpleCell.xib; sourceTree = "<group>"; };
		D90095E51B0A8B52008754A9 /* EditAlertRepeatCell.xib */ = {isa = PBXFileReference; fileEncoding = 4; lastKnownFileType = file.xib; path = EditAlertRepeatCell.xib; sourceTree = "<group>"; };
		D90095E81B0A8B5C008754A9 /* EditAlertRepeatDaysCell.swift */ = {isa = PBXFileReference; fileEncoding = 4; lastKnownFileType = sourcecode.swift; path = EditAlertRepeatDaysCell.swift; sourceTree = "<group>"; };
		D90095E91B0A8B5C008754A9 /* EditAlertRepeatDaysCell.xib */ = {isa = PBXFileReference; fileEncoding = 4; lastKnownFileType = file.xib; path = EditAlertRepeatDaysCell.xib; sourceTree = "<group>"; };
		D905290B1A4E709E0034E252 /* Foundation.framework */ = {isa = PBXFileReference; lastKnownFileType = wrapper.framework; name = Foundation.framework; path = System/Library/Frameworks/Foundation.framework; sourceTree = SDKROOT; };
		D905290D1A4E70A50034E252 /* UIKit.framework */ = {isa = PBXFileReference; lastKnownFileType = wrapper.framework; name = UIKit.framework; path = System/Library/Frameworks/UIKit.framework; sourceTree = SDKROOT; };
		D905290F1A4E70B70034E252 /* CoreData.framework */ = {isa = PBXFileReference; lastKnownFileType = wrapper.framework; name = CoreData.framework; path = System/Library/Frameworks/CoreData.framework; sourceTree = SDKROOT; };
		D9072B5C1A59FD5B00904E63 /* EditMonetaryValueCell.xib */ = {isa = PBXFileReference; fileEncoding = 4; lastKnownFileType = file.xib; path = EditMonetaryValueCell.xib; sourceTree = "<group>"; };
		D9072B601A5A00AD00904E63 /* EditMonetaryValueCell.swift */ = {isa = PBXFileReference; fileEncoding = 4; lastKnownFileType = sourcecode.swift; path = EditMonetaryValueCell.swift; sourceTree = "<group>"; };
		D9102FAD1AD254C100B3AECA /* EditDatePickerCell.swift */ = {isa = PBXFileReference; fileEncoding = 4; lastKnownFileType = sourcecode.swift; path = EditDatePickerCell.swift; sourceTree = "<group>"; };
		D9102FAE1AD254C100B3AECA /* EditDatePickerCell.xib */ = {isa = PBXFileReference; fileEncoding = 4; lastKnownFileType = file.xib; path = EditDatePickerCell.xib; sourceTree = "<group>"; };
		D9102FB11AD3593000B3AECA /* EditDatePickerNarrowCell.xib */ = {isa = PBXFileReference; fileEncoding = 4; lastKnownFileType = file.xib; path = EditDatePickerNarrowCell.xib; sourceTree = "<group>"; };
		D9102FB31AD36DE700B3AECA /* EditDateCell.swift */ = {isa = PBXFileReference; fileEncoding = 4; lastKnownFileType = sourcecode.swift; path = EditDateCell.swift; sourceTree = "<group>"; };
		D9102FB41AD36DE700B3AECA /* EditTimeCell.xib */ = {isa = PBXFileReference; fileEncoding = 4; lastKnownFileType = file.xib; path = EditTimeCell.xib; sourceTree = "<group>"; };
		D9102FB51AD36DE700B3AECA /* EditTimeNarrowCell.xib */ = {isa = PBXFileReference; fileEncoding = 4; lastKnownFileType = file.xib; path = EditTimeNarrowCell.xib; sourceTree = "<group>"; };
		D9102FB91AD662EC00B3AECA /* EditDateCalenderCell.swift */ = {isa = PBXFileReference; fileEncoding = 4; lastKnownFileType = sourcecode.swift; path = EditDateCalenderCell.swift; sourceTree = "<group>"; };
		D9102FBA1AD662EC00B3AECA /* EditDateCalenderCell.xib */ = {isa = PBXFileReference; fileEncoding = 4; lastKnownFileType = file.xib; path = EditDateCalenderCell.xib; sourceTree = "<group>"; };
		D9102FBB1AD662EC00B3AECA /* EditDateCalenderNarrowCell.xib */ = {isa = PBXFileReference; fileEncoding = 4; lastKnownFileType = file.xib; path = EditDateCalenderNarrowCell.xib; sourceTree = "<group>"; };
		D9143F571A649A6400DFC754 /* EditContractorPercentageCell.swift */ = {isa = PBXFileReference; fileEncoding = 4; lastKnownFileType = sourcecode.swift; path = EditContractorPercentageCell.swift; sourceTree = "<group>"; };
		D91697B81A68649000627758 /* EditPickerSwitchCell.swift */ = {isa = PBXFileReference; fileEncoding = 4; lastKnownFileType = sourcecode.swift; path = EditPickerSwitchCell.swift; sourceTree = "<group>"; };
		D91697B91A68649000627758 /* EditPickerSwitchCell.xib */ = {isa = PBXFileReference; fileEncoding = 4; lastKnownFileType = file.xib; path = EditPickerSwitchCell.xib; sourceTree = "<group>"; };
		D91C62A51BD769C000BC095B /* ToggleCell.swift */ = {isa = PBXFileReference; fileEncoding = 4; lastKnownFileType = sourcecode.swift; path = ToggleCell.swift; sourceTree = "<group>"; };
		D91E9A8A1A6350A50002F52B /* MyLibrary.swift */ = {isa = PBXFileReference; fileEncoding = 4; lastKnownFileType = sourcecode.swift; path = MyLibrary.swift; sourceTree = "<group>"; };
		D92903521B84017D00888C0E /* EditAlertToneCell.swift */ = {isa = PBXFileReference; fileEncoding = 4; lastKnownFileType = sourcecode.swift; path = EditAlertToneCell.swift; sourceTree = "<group>"; };
		D92903531B84017D00888C0E /* EditAlertToneCell.xib */ = {isa = PBXFileReference; fileEncoding = 4; lastKnownFileType = file.xib; path = EditAlertToneCell.xib; sourceTree = "<group>"; };
		D93A9D8D1ABA62490094EF5D /* NewContractors.swift */ = {isa = PBXFileReference; fileEncoding = 4; lastKnownFileType = sourcecode.swift; path = NewContractors.swift; sourceTree = "<group>"; };
		D949C1551A7FFB2800257EB8 /* ContractorCell.swift */ = {isa = PBXFileReference; fileEncoding = 4; lastKnownFileType = sourcecode.swift; path = ContractorCell.swift; sourceTree = "<group>"; };
		D94C40D71B0C870E00A373C2 /* EditAlertRepeatCell.swift */ = {isa = PBXFileReference; fileEncoding = 4; lastKnownFileType = sourcecode.swift; path = EditAlertRepeatCell.swift; sourceTree = "<group>"; };
		D95376AD1A1DC3A100BF4935 /* iOU.app */ = {isa = PBXFileReference; explicitFileType = wrapper.application; includeInIndex = 0; path = iOU.app; sourceTree = BUILT_PRODUCTS_DIR; };
		D95376B11A1DC3A100BF4935 /* Info.plist */ = {isa = PBXFileReference; lastKnownFileType = text.plist.xml; path = Info.plist; sourceTree = "<group>"; };
		D95376B21A1DC3A100BF4935 /* AppDelegate.swift */ = {isa = PBXFileReference; lastKnownFileType = sourcecode.swift; path = AppDelegate.swift; sourceTree = "<group>"; };
		D95376B71A1DC3A100BF4935 /* ViewController.swift */ = {isa = PBXFileReference; lastKnownFileType = sourcecode.swift; path = ViewController.swift; sourceTree = "<group>"; };
		D95376BA1A1DC3A100BF4935 /* Base */ = {isa = PBXFileReference; lastKnownFileType = file.storyboard; name = Base; path = Base.lproj/Main.storyboard; sourceTree = "<group>"; };
		D95376BC1A1DC3A100BF4935 /* Images.xcassets */ = {isa = PBXFileReference; lastKnownFileType = folder.assetcatalog; path = Images.xcassets; sourceTree = "<group>"; };
		D95376BF1A1DC3A100BF4935 /* Base */ = {isa = PBXFileReference; lastKnownFileType = file.xib; name = Base; path = Base.lproj/LaunchScreen.xib; sourceTree = "<group>"; };
		D95376C51A1DC3A100BF4935 /* iOUTests.xctest */ = {isa = PBXFileReference; explicitFileType = wrapper.cfbundle; includeInIndex = 0; path = iOUTests.xctest; sourceTree = BUILT_PRODUCTS_DIR; };
		D95376CA1A1DC3A100BF4935 /* Info.plist */ = {isa = PBXFileReference; lastKnownFileType = text.plist.xml; path = Info.plist; sourceTree = "<group>"; };
		D95376CB1A1DC3A100BF4935 /* iOUTests.swift */ = {isa = PBXFileReference; lastKnownFileType = sourcecode.swift; path = iOUTests.swift; sourceTree = "<group>"; };
		D95376D51A1DC43700BF4935 /* iOUData.swift */ = {isa = PBXFileReference; fileEncoding = 4; lastKnownFileType = sourcecode.swift; path = iOUData.swift; sourceTree = "<group>"; };
		D95376D71A1DC43F00BF4935 /* MainInterfaceContoller.swift */ = {isa = PBXFileReference; fileEncoding = 4; lastKnownFileType = sourcecode.swift; path = MainInterfaceContoller.swift; sourceTree = "<group>"; };
		D95377121A1DE37B00BF4935 /* iOU.xcdatamodel */ = {isa = PBXFileReference; lastKnownFileType = wrapper.xcdatamodel; path = iOU.xcdatamodel; sourceTree = "<group>"; };
		D95377141A1E06D200BF4935 /* UncoverVerticalSegue.swift */ = {isa = PBXFileReference; fileEncoding = 4; lastKnownFileType = sourcecode.swift; path = UncoverVerticalSegue.swift; sourceTree = "<group>"; };
		D95377161A1EB60800BF4935 /* EditContractLogic.swift */ = {isa = PBXFileReference; fileEncoding = 4; lastKnownFileType = sourcecode.swift; path = EditContractLogic.swift; sourceTree = "<group>"; };
		D95377181A1ED1BC00BF4935 /* EditContractController.swift */ = {isa = PBXFileReference; fileEncoding = 4; lastKnownFileType = sourcecode.swift; path = EditContractController.swift; sourceTree = "<group>"; };
		D9839F3B1A70D69000FA8A4A /* ContractorPartPercentageCell.swift */ = {isa = PBXFileReference; fileEncoding = 4; lastKnownFileType = sourcecode.swift; path = ContractorPartPercentageCell.swift; sourceTree = "<group>"; };
		D9839F3C1A70D69000FA8A4A /* ContractorPartPercentageCell.xib */ = {isa = PBXFileReference; fileEncoding = 4; lastKnownFileType = file.xib; path = ContractorPartPercentageCell.xib; sourceTree = "<group>"; };
		D986DB1D1A59E66400BC4AC3 /* EditContractorFixedCell.swift */ = {isa = PBXFileReference; fileEncoding = 4; lastKnownFileType = sourcecode.swift; path = EditContractorFixedCell.swift; sourceTree = "<group>"; };
		D9B59B111A9817F600380A50 /* SelfEqualFixedCell.swift */ = {isa = PBXFileReference; fileEncoding = 4; lastKnownFileType = sourcecode.swift; path = SelfEqualFixedCell.swift; sourceTree = "<group>"; };
		D9B59B121A9817F600380A50 /* SelfEqualFixedCell.xib */ = {isa = PBXFileReference; fileEncoding = 4; lastKnownFileType = file.xib; path = SelfEqualFixedCell.xib; sourceTree = "<group>"; };
		D9B59B131A9817F600380A50 /* EditSelfFixedCell.swift */ = {isa = PBXFileReference; fileEncoding = 4; lastKnownFileType = sourcecode.swift; path = EditSelfFixedCell.swift; sourceTree = "<group>"; };
		D9B59B141A9817F600380A50 /* EditSelfFixedCell.xib */ = {isa = PBXFileReference; fileEncoding = 4; lastKnownFileType = file.xib; path = EditSelfFixedCell.xib; sourceTree = "<group>"; };
		D9B59B151A9817F600380A50 /* EditSelfPartCell.swift */ = {isa = PBXFileReference; fileEncoding = 4; lastKnownFileType = sourcecode.swift; path = EditSelfPartCell.swift; sourceTree = "<group>"; };
		D9B59B161A9817F600380A50 /* EditSelfPartCell.xib */ = {isa = PBXFileReference; fileEncoding = 4; lastKnownFileType = file.xib; path = EditSelfPartCell.xib; sourceTree = "<group>"; };
		D9B59B171A9817F600380A50 /* EditSelfPercentageCell.swift */ = {isa = PBXFileReference; fileEncoding = 4; lastKnownFileType = sourcecode.swift; path = EditSelfPercentageCell.swift; sourceTree = "<group>"; };
		D9B59B181A9817F600380A50 /* EditSelfPercentageCell.xib */ = {isa = PBXFileReference; fileEncoding = 4; lastKnownFileType = file.xib; path = EditSelfPercentageCell.xib; sourceTree = "<group>"; };
		D9B59B211A987A6300380A50 /* SelfPartPercentageCell.swift */ = {isa = PBXFileReference; fileEncoding = 4; lastKnownFileType = sourcecode.swift; path = SelfPartPercentageCell.swift; sourceTree = "<group>"; };
		D9B59B221A987A6400380A50 /* SelfPartPercentageCell.xib */ = {isa = PBXFileReference; fileEncoding = 4; lastKnownFileType = file.xib; path = SelfPartPercentageCell.xib; sourceTree = "<group>"; };
		D9BF70091A5CF91500F8EBD6 /* WaringController.swift */ = {isa = PBXFileReference; fileEncoding = 4; lastKnownFileType = sourcecode.swift; path = WaringController.swift; sourceTree = "<group>"; };
		D9BF700B1A5E0CDE00F8EBD6 /* ContractorEqualFixedCell.swift */ = {isa = PBXFileReference; fileEncoding = 4; lastKnownFileType = sourcecode.swift; path = ContractorEqualFixedCell.swift; sourceTree = "<group>"; };
		D9C869471A6F84B600BA5CAC /* EditContractorEqualCell.swift */ = {isa = PBXFileReference; fileEncoding = 4; lastKnownFileType = sourcecode.swift; path = EditContractorEqualCell.swift; sourceTree = "<group>"; };
		D9C8694D1A706E3200BA5CAC /* EditContractorPercentageCell.xib */ = {isa = PBXFileReference; fileEncoding = 4; lastKnownFileType = file.xib; path = EditContractorPercentageCell.xib; sourceTree = "<group>"; };
		D9C8694F1A7071F700BA5CAC /* EditContractorEqualCell.xib */ = {isa = PBXFileReference; fileEncoding = 4; lastKnownFileType = file.xib; path = EditContractorEqualCell.xib; sourceTree = "<group>"; };
		D9CA725D1A677CAA00621C32 /* EditTitleCell.swift */ = {isa = PBXFileReference; fileEncoding = 4; lastKnownFileType = sourcecode.swift; path = EditTitleCell.swift; sourceTree = "<group>"; };
		D9CA725E1A677CAA00621C32 /* EditTitleCell.xib */ = {isa = PBXFileReference; fileEncoding = 4; lastKnownFileType = file.xib; path = EditTitleCell.xib; sourceTree = "<group>"; };
		D9E6F0521A5FB45B00E388EE /* EditContractorFixedCell.xib */ = {isa = PBXFileReference; fileEncoding = 4; lastKnownFileType = file.xib; path = EditContractorFixedCell.xib; sourceTree = "<group>"; };
		D9E6F0561A5FBA8200E388EE /* ContractorEqualFixedCell.xib */ = {isa = PBXFileReference; fileEncoding = 4; lastKnownFileType = file.xib; path = ContractorEqualFixedCell.xib; sourceTree = "<group>"; };
		D9E7FF071A70A34F0049C943 /* EditContractorPartCell.swift */ = {isa = PBXFileReference; fileEncoding = 4; lastKnownFileType = sourcecode.swift; path = EditContractorPartCell.swift; sourceTree = "<group>"; };
		D9E7FF0B1A70A7810049C943 /* EditContractorPartCell.xib */ = {isa = PBXFileReference; fileEncoding = 4; lastKnownFileType = file.xib; path = EditContractorPartCell.xib; sourceTree = "<group>"; };
		D9EEF6451A8B2EB3001054A2 /* EditContractorCell.swift */ = {isa = PBXFileReference; fileEncoding = 4; lastKnownFileType = sourcecode.swift; path = EditContractorCell.swift; sourceTree = "<group>"; };
		D9F5A7601A60932A00B1B007 /* EditMonetaryValueWithCalculatorCell.swift */ = {isa = PBXFileReference; fileEncoding = 4; lastKnownFileType = sourcecode.swift; path = EditMonetaryValueWithCalculatorCell.swift; sourceTree = "<group>"; };
		D9F5A7611A60932A00B1B007 /* EditMonetaryValueWithCalculatorCell.xib */ = {isa = PBXFileReference; fileEncoding = 4; lastKnownFileType = file.xib; path = EditMonetaryValueWithCalculatorCell.xib; sourceTree = "<group>"; };
/* End PBXFileReference section */

/* Begin PBXFrameworksBuildPhase section */
		D95376AA1A1DC3A100BF4935 /* Frameworks */ = {
			isa = PBXFrameworksBuildPhase;
			buildActionMask = 2147483647;
			files = (
			);
			runOnlyForDeploymentPostprocessing = 0;
		};
		D95376C21A1DC3A100BF4935 /* Frameworks */ = {
			isa = PBXFrameworksBuildPhase;
			buildActionMask = 2147483647;
			files = (
			);
			runOnlyForDeploymentPostprocessing = 0;
		};
/* End PBXFrameworksBuildPhase section */

/* Begin PBXGroup section */
		D95376A41A1DC3A100BF4935 = {
			isa = PBXGroup;
			children = (
				D905290F1A4E70B70034E252 /* CoreData.framework */,
				D905290D1A4E70A50034E252 /* UIKit.framework */,
				D905290B1A4E709E0034E252 /* Foundation.framework */,
				D95376AF1A1DC3A100BF4935 /* iOU */,
				D95376C81A1DC3A100BF4935 /* iOUTests */,
				D95376AE1A1DC3A100BF4935 /* Products */,
			);
			sourceTree = "<group>";
		};
		D95376AE1A1DC3A100BF4935 /* Products */ = {
			isa = PBXGroup;
			children = (
				D95376AD1A1DC3A100BF4935 /* iOU.app */,
				D95376C51A1DC3A100BF4935 /* iOUTests.xctest */,
			);
			name = Products;
			sourceTree = "<group>";
		};
		D95376AF1A1DC3A100BF4935 /* iOU */ = {
			isa = PBXGroup;
			children = (
				D91E9A8A1A6350A50002F52B /* MyLibrary.swift */,
				D95376D51A1DC43700BF4935 /* iOUData.swift */,
				D95376B21A1DC3A100BF4935 /* AppDelegate.swift */,
				D9CA725D1A677CAA00621C32 /* EditTitleCell.swift */,
				D9CA725E1A677CAA00621C32 /* EditTitleCell.xib */,
				D9072B601A5A00AD00904E63 /* EditMonetaryValueCell.swift */,
				D9072B5C1A59FD5B00904E63 /* EditMonetaryValueCell.xib */,
				D9F5A7601A60932A00B1B007 /* EditMonetaryValueWithCalculatorCell.swift */,
				D9F5A7611A60932A00B1B007 /* EditMonetaryValueWithCalculatorCell.xib */,
				D91C62A51BD769C000BC095B /* ToggleCell.swift */,
				D949C1551A7FFB2800257EB8 /* ContractorCell.swift */,
				D9BF700B1A5E0CDE00F8EBD6 /* ContractorEqualFixedCell.swift */,
				D9E6F0561A5FBA8200E388EE /* ContractorEqualFixedCell.xib */,
				D9839F3B1A70D69000FA8A4A /* ContractorPartPercentageCell.swift */,
				D9839F3C1A70D69000FA8A4A /* ContractorPartPercentageCell.xib */,
				D9EEF6451A8B2EB3001054A2 /* EditContractorCell.swift */,
				D986DB1D1A59E66400BC4AC3 /* EditContractorFixedCell.swift */,
				D9E6F0521A5FB45B00E388EE /* EditContractorFixedCell.xib */,
				D9143F571A649A6400DFC754 /* EditContractorPercentageCell.swift */,
				D9C8694D1A706E3200BA5CAC /* EditContractorPercentageCell.xib */,
				D9E7FF071A70A34F0049C943 /* EditContractorPartCell.swift */,
				D9E7FF0B1A70A7810049C943 /* EditContractorPartCell.xib */,
				D9C869471A6F84B600BA5CAC /* EditContractorEqualCell.swift */,
				D9C8694F1A7071F700BA5CAC /* EditContractorEqualCell.xib */,
				D9B59B111A9817F600380A50 /* SelfEqualFixedCell.swift */,
				D9B59B121A9817F600380A50 /* SelfEqualFixedCell.xib */,
				D9B59B211A987A6300380A50 /* SelfPartPercentageCell.swift */,
				D9B59B221A987A6400380A50 /* SelfPartPercentageCell.xib */,
				D9B59B131A9817F600380A50 /* EditSelfFixedCell.swift */,
				D9B59B141A9817F600380A50 /* EditSelfFixedCell.xib */,
				D9B59B171A9817F600380A50 /* EditSelfPercentageCell.swift */,
				D9B59B181A9817F600380A50 /* EditSelfPercentageCell.xib */,
				D9B59B151A9817F600380A50 /* EditSelfPartCell.swift */,
				D9B59B161A9817F600380A50 /* EditSelfPartCell.xib */,
				D9102FB31AD36DE700B3AECA /* EditDateCell.swift */,
				D9102FB41AD36DE700B3AECA /* EditTimeCell.xib */,
				D9102FB51AD36DE700B3AECA /* EditTimeNarrowCell.xib */,
				D9102FAD1AD254C100B3AECA /* EditDatePickerCell.swift */,
				D9102FAE1AD254C100B3AECA /* EditDatePickerCell.xib */,
				D9102FB11AD3593000B3AECA /* EditDatePickerNarrowCell.xib */,
				D9102FB91AD662EC00B3AECA /* EditDateCalenderCell.swift */,
				D9102FBA1AD662EC00B3AECA /* EditDateCalenderCell.xib */,
				D9102FBB1AD662EC00B3AECA /* EditDateCalenderNarrowCell.xib */,
				D90095D81B017A1F008754A9 /* EditPickerCell.swift */,
				D90095D91B017A1F008754A9 /* EditPickerCell.xib */,
				D91697B81A68649000627758 /* EditPickerSwitchCell.swift */,
				D91697B91A68649000627758 /* EditPickerSwitchCell.xib */,
				D94C40D71B0C870E00A373C2 /* EditAlertRepeatCell.swift */,
				D90095E51B0A8B52008754A9 /* EditAlertRepeatCell.xib */,
				D90095E01B071D23008754A9 /* EditAlertRepeatSimpleCell.swift */,
				D90095E11B071D23008754A9 /* EditAlertRepeatSimpleCell.xib */,
				D90095E81B0A8B5C008754A9 /* EditAlertRepeatDaysCell.swift */,
				D90095E91B0A8B5C008754A9 /* EditAlertRepeatDaysCell.xib */,
				D92903521B84017D00888C0E /* EditAlertToneCell.swift */,
				D92903531B84017D00888C0E /* EditAlertToneCell.xib */,
				D95376D71A1DC43F00BF4935 /* MainInterfaceContoller.swift */,
				D95376B71A1DC3A100BF4935 /* ViewController.swift */,
				D95377181A1ED1BC00BF4935 /* EditContractController.swift */,
				D95377161A1EB60800BF4935 /* EditContractLogic.swift */,
				D93A9D8D1ABA62490094EF5D /* NewContractors.swift */,
				D95376B91A1DC3A100BF4935 /* Main.storyboard */,
				D9BF70091A5CF91500F8EBD6 /* WaringController.swift */,
				D95377141A1E06D200BF4935 /* UncoverVerticalSegue.swift */,
				D95376BC1A1DC3A100BF4935 /* Images.xcassets */,
				D95377111A1DE37B00BF4935 /* iOU.xcdatamodeld */,
				D95376BE1A1DC3A100BF4935 /* LaunchScreen.xib */,
				D95376B01A1DC3A100BF4935 /* Supporting Files */,
			);
			path = iOU;
			sourceTree = "<group>";
		};
		D95376B01A1DC3A100BF4935 /* Supporting Files */ = {
			isa = PBXGroup;
			children = (
				D95376B11A1DC3A100BF4935 /* Info.plist */,
			);
			name = "Supporting Files";
			sourceTree = "<group>";
		};
		D95376C81A1DC3A100BF4935 /* iOUTests */ = {
			isa = PBXGroup;
			children = (
				D95376CB1A1DC3A100BF4935 /* iOUTests.swift */,
				D95376C91A1DC3A100BF4935 /* Supporting Files */,
			);
			path = iOUTests;
			sourceTree = "<group>";
		};
		D95376C91A1DC3A100BF4935 /* Supporting Files */ = {
			isa = PBXGroup;
			children = (
				D95376CA1A1DC3A100BF4935 /* Info.plist */,
			);
			name = "Supporting Files";
			sourceTree = "<group>";
		};
/* End PBXGroup section */

/* Begin PBXNativeTarget section */
		D95376AC1A1DC3A100BF4935 /* iOU */ = {
			isa = PBXNativeTarget;
			buildConfigurationList = D95376CF1A1DC3A100BF4935 /* Build configuration list for PBXNativeTarget "iOU" */;
			buildPhases = (
				D95376A91A1DC3A100BF4935 /* Sources */,
				D95376AA1A1DC3A100BF4935 /* Frameworks */,
				D95376AB1A1DC3A100BF4935 /* Resources */,
				D90E4B121BFBE62900E347E4 /* TODO And FIXME As Warnings Script */,
			);
			buildRules = (
			);
			dependencies = (
			);
			name = iOU;
			productName = iOU;
			productReference = D95376AD1A1DC3A100BF4935 /* iOU.app */;
			productType = "com.apple.product-type.application";
		};
		D95376C41A1DC3A100BF4935 /* iOUTests */ = {
			isa = PBXNativeTarget;
			buildConfigurationList = D95376D21A1DC3A100BF4935 /* Build configuration list for PBXNativeTarget "iOUTests" */;
			buildPhases = (
				D95376C11A1DC3A100BF4935 /* Sources */,
				D95376C21A1DC3A100BF4935 /* Frameworks */,
				D95376C31A1DC3A100BF4935 /* Resources */,
			);
			buildRules = (
			);
			dependencies = (
				D95376C71A1DC3A100BF4935 /* PBXTargetDependency */,
			);
			name = iOUTests;
			productName = iOUTests;
			productReference = D95376C51A1DC3A100BF4935 /* iOUTests.xctest */;
			productType = "com.apple.product-type.bundle.unit-test";
		};
/* End PBXNativeTarget section */

/* Begin PBXProject section */
		D95376A51A1DC3A100BF4935 /* Project object */ = {
			isa = PBXProject;
			attributes = {
				LastSwiftMigration = 0710;
				LastSwiftUpdateCheck = 0710;
				LastUpgradeCheck = 0710;
				ORGANIZATIONNAME = "Tateni Urio";
				TargetAttributes = {
					D95376AC1A1DC3A100BF4935 = {
						CreatedOnToolsVersion = 6.1;
					};
					D95376C41A1DC3A100BF4935 = {
						CreatedOnToolsVersion = 6.1;
						TestTargetID = D95376AC1A1DC3A100BF4935;
					};
				};
			};
			buildConfigurationList = D95376A81A1DC3A100BF4935 /* Build configuration list for PBXProject "iOU" */;
			compatibilityVersion = "Xcode 3.2";
			developmentRegion = English;
			hasScannedForEncodings = 0;
			knownRegions = (
				en,
				Base,
			);
			mainGroup = D95376A41A1DC3A100BF4935;
			productRefGroup = D95376AE1A1DC3A100BF4935 /* Products */;
			projectDirPath = "";
			projectRoot = "";
			targets = (
				D95376AC1A1DC3A100BF4935 /* iOU */,
				D95376C41A1DC3A100BF4935 /* iOUTests */,
			);
		};
/* End PBXProject section */

/* Begin PBXResourcesBuildPhase section */
		D95376AB1A1DC3A100BF4935 /* Resources */ = {
			isa = PBXResourcesBuildPhase;
			buildActionMask = 2147483647;
			files = (
				D9B59B241A987A6400380A50 /* SelfPartPercentageCell.xib in Resources */,
				D9E6F0571A5FBA8200E388EE /* ContractorEqualFixedCell.xib in Resources */,
				D9072B5D1A59FD5B00904E63 /* EditMonetaryValueCell.xib in Resources */,
				D9E7FF0C1A70A7810049C943 /* EditContractorPartCell.xib in Resources */,
				D9C8694E1A706E3200BA5CAC /* EditContractorPercentageCell.xib in Resources */,
				D9102FB21AD3593000B3AECA /* EditDatePickerNarrowCell.xib in Resources */,
				D9839F3E1A70D69000FA8A4A /* ContractorPartPercentageCell.xib in Resources */,
				D9E6F0531A5FB45B00E388EE /* EditContractorFixedCell.xib in Resources */,
				D90095EB1B0A8B5C008754A9 /* EditAlertRepeatDaysCell.xib in Resources */,
				D95376C01A1DC3A100BF4935 /* LaunchScreen.xib in Resources */,
				D9102FBE1AD662EC00B3AECA /* EditDateCalenderNarrowCell.xib in Resources */,
				D9B59B1C1A9817F600380A50 /* EditSelfFixedCell.xib in Resources */,
				D91697BB1A68649000627758 /* EditPickerSwitchCell.xib in Resources */,
				D9B59B1A1A9817F600380A50 /* SelfEqualFixedCell.xib in Resources */,
				D90095E31B071D23008754A9 /* EditAlertRepeatSimpleCell.xib in Resources */,
				D9102FB81AD36DE700B3AECA /* EditTimeNarrowCell.xib in Resources */,
				D9F5A7631A60932A00B1B007 /* EditMonetaryValueWithCalculatorCell.xib in Resources */,
				D90095E71B0A8B52008754A9 /* EditAlertRepeatCell.xib in Resources */,
				D95376BD1A1DC3A100BF4935 /* Images.xcassets in Resources */,
				D9B59B1E1A9817F600380A50 /* EditSelfPartCell.xib in Resources */,
				D92903551B84017D00888C0E /* EditAlertToneCell.xib in Resources */,
				D90095DB1B017A1F008754A9 /* EditPickerCell.xib in Resources */,
				D9102FBD1AD662EC00B3AECA /* EditDateCalenderCell.xib in Resources */,
				D9B59B201A9817F600380A50 /* EditSelfPercentageCell.xib in Resources */,
				D9102FB01AD254C100B3AECA /* EditDatePickerCell.xib in Resources */,
				D9CA72601A677CAA00621C32 /* EditTitleCell.xib in Resources */,
				D9102FB71AD36DE700B3AECA /* EditTimeCell.xib in Resources */,
				D9545D671A5E1049004D0666 /* Main.storyboard in Resources */,
				D9C869501A7071F700BA5CAC /* EditContractorEqualCell.xib in Resources */,
			);
			runOnlyForDeploymentPostprocessing = 0;
		};
		D95376C31A1DC3A100BF4935 /* Resources */ = {
			isa = PBXResourcesBuildPhase;
			buildActionMask = 2147483647;
			files = (
			);
			runOnlyForDeploymentPostprocessing = 0;
		};
/* End PBXResourcesBuildPhase section */

/* Begin PBXShellScriptBuildPhase section */
		D90E4B121BFBE62900E347E4 /* TODO And FIXME As Warnings Script */ = {
			isa = PBXShellScriptBuildPhase;
			buildActionMask = 2147483647;
			files = (
			);
			inputPaths = (
			);
			name = "TODO And FIXME As Warnings Script";
			outputPaths = (
			);
			runOnlyForDeploymentPostprocessing = 0;
			shellPath = /bin/sh;
			shellScript = "TAGS=\"TODO:|FIXME:\"\nERRORTAG=\"ERROR:\"\necho \"searching ${SRCROOT} for ${TAGS}\"\nfind \"${SRCROOT}\" \\( -name \"*.h\" -or -name \"*.m\" -or -name \"*.swift\" \\) -print0 | xargs -0 egrep --with-filename --line-number --only-matching \"($TAGS).*\\$\" | perl -p -e \"s/($TAGS)/ warning: \\$1/\"";
		};
/* End PBXShellScriptBuildPhase section */

/* Begin PBXSourcesBuildPhase section */
		D95376A91A1DC3A100BF4935 /* Sources */ = {
			isa = PBXSourcesBuildPhase;
			buildActionMask = 2147483647;
			files = (
				D9102FAF1AD254C100B3AECA /* EditDatePickerCell.swift in Sources */,
				D94C40D81B0C870E00A373C2 /* EditAlertRepeatCell.swift in Sources */,
				D95376B81A1DC3A100BF4935 /* ViewController.swift in Sources */,
				D9C869491A6F84B600BA5CAC /* EditContractorEqualCell.swift in Sources */,
				D9102FB61AD36DE700B3AECA /* EditDateCell.swift in Sources */,
				D93A9D8E1ABA62490094EF5D /* NewContractors.swift in Sources */,
				D91C62A61BD769C000BC095B /* ToggleCell.swift in Sources */,
				D9E7FF091A70A34F0049C943 /* EditContractorPartCell.swift in Sources */,
				D9CA725F1A677CAA00621C32 /* EditTitleCell.swift in Sources */,
				D91697BA1A68649000627758 /* EditPickerSwitchCell.swift in Sources */,
				D9B59B1B1A9817F600380A50 /* EditSelfFixedCell.swift in Sources */,
				D91E9A8B1A6350A50002F52B /* MyLibrary.swift in Sources */,
				D9B59B1F1A9817F600380A50 /* EditSelfPercentageCell.swift in Sources */,
				D9B59B191A9817F600380A50 /* SelfEqualFixedCell.swift in Sources */,
				D9143F591A649A6400DFC754 /* EditContractorPercentageCell.swift in Sources */,
				D9F5A7621A60932A00B1B007 /* EditMonetaryValueWithCalculatorCell.swift in Sources */,
				D9102FBC1AD662EC00B3AECA /* EditDateCalenderCell.swift in Sources */,
				D90095E21B071D23008754A9 /* EditAlertRepeatSimpleCell.swift in Sources */,
				D95376D81A1DC43F00BF4935 /* MainInterfaceContoller.swift in Sources */,
				D95377151A1E06D200BF4935 /* UncoverVerticalSegue.swift in Sources */,
				D95377131A1DE37B00BF4935 /* iOU.xcdatamodeld in Sources */,
				D95377171A1EB60800BF4935 /* EditContractLogic.swift in Sources */,
				D92903541B84017D00888C0E /* EditAlertToneCell.swift in Sources */,
				D9072B611A5A00AD00904E63 /* EditMonetaryValueCell.swift in Sources */,
				D9EEF6461A8B2EB3001054A2 /* EditContractorCell.swift in Sources */,
				D95376B31A1DC3A100BF4935 /* AppDelegate.swift in Sources */,
				D90095EA1B0A8B5C008754A9 /* EditAlertRepeatDaysCell.swift in Sources */,
				D95376D61A1DC43700BF4935 /* iOUData.swift in Sources */,
				D9B59B1D1A9817F600380A50 /* EditSelfPartCell.swift in Sources */,
				D95377191A1ED1BC00BF4935 /* EditContractController.swift in Sources */,
				D9B59B231A987A6400380A50 /* SelfPartPercentageCell.swift in Sources */,
				D9839F3D1A70D69000FA8A4A /* ContractorPartPercentageCell.swift in Sources */,
				D986DB1E1A59E66400BC4AC3 /* EditContractorFixedCell.swift in Sources */,
				D9BF700A1A5CF91500F8EBD6 /* WaringController.swift in Sources */,
				D90095DA1B017A1F008754A9 /* EditPickerCell.swift in Sources */,
				D949C1561A7FFB2800257EB8 /* ContractorCell.swift in Sources */,
				D9545D681A5E1078004D0666 /* ContractorEqualFixedCell.swift in Sources */,
			);
			runOnlyForDeploymentPostprocessing = 0;
		};
		D95376C11A1DC3A100BF4935 /* Sources */ = {
			isa = PBXSourcesBuildPhase;
			buildActionMask = 2147483647;
			files = (
				D95376CC1A1DC3A100BF4935 /* iOUTests.swift in Sources */,
			);
			runOnlyForDeploymentPostprocessing = 0;
		};
/* End PBXSourcesBuildPhase section */

/* Begin PBXTargetDependency section */
		D95376C71A1DC3A100BF4935 /* PBXTargetDependency */ = {
			isa = PBXTargetDependency;
			target = D95376AC1A1DC3A100BF4935 /* iOU */;
			targetProxy = D95376C61A1DC3A100BF4935 /* PBXContainerItemProxy */;
		};
/* End PBXTargetDependency section */

/* Begin PBXVariantGroup section */
		D95376B91A1DC3A100BF4935 /* Main.storyboard */ = {
			isa = PBXVariantGroup;
			children = (
				D95376BA1A1DC3A100BF4935 /* Base */,
			);
			name = Main.storyboard;
			sourceTree = "<group>";
		};
		D95376BE1A1DC3A100BF4935 /* LaunchScreen.xib */ = {
			isa = PBXVariantGroup;
			children = (
				D95376BF1A1DC3A100BF4935 /* Base */,
			);
			name = LaunchScreen.xib;
			sourceTree = "<group>";
		};
/* End PBXVariantGroup section */

/* Begin XCBuildConfiguration section */
		D95376CD1A1DC3A100BF4935 /* Debug */ = {
			isa = XCBuildConfiguration;
			buildSettings = {
				ALWAYS_SEARCH_USER_PATHS = NO;
				CLANG_CXX_LANGUAGE_STANDARD = "gnu++0x";
				CLANG_CXX_LIBRARY = "libc++";
				CLANG_ENABLE_MODULES = YES;
				CLANG_ENABLE_OBJC_ARC = YES;
				CLANG_WARN_BOOL_CONVERSION = YES;
				CLANG_WARN_CONSTANT_CONVERSION = YES;
				CLANG_WARN_DIRECT_OBJC_ISA_USAGE = YES_ERROR;
				CLANG_WARN_EMPTY_BODY = YES;
				CLANG_WARN_ENUM_CONVERSION = YES;
				CLANG_WARN_INT_CONVERSION = YES;
				CLANG_WARN_OBJC_ROOT_CLASS = YES_ERROR;
				CLANG_WARN_UNREACHABLE_CODE = YES;
				CLANG_WARN__DUPLICATE_METHOD_MATCH = YES;
				"CODE_SIGN_IDENTITY[sdk=iphoneos*]" = "";
				COPY_PHASE_STRIP = NO;
				ENABLE_STRICT_OBJC_MSGSEND = YES;
				ENABLE_TESTABILITY = YES;
				GCC_C_LANGUAGE_STANDARD = gnu99;
				GCC_DYNAMIC_NO_PIC = NO;
				GCC_OPTIMIZATION_LEVEL = 0;
				GCC_PREPROCESSOR_DEFINITIONS = (
					"DEBUG=1",
					"$(inherited)",
				);
				GCC_SYMBOLS_PRIVATE_EXTERN = NO;
				GCC_WARN_64_TO_32_BIT_CONVERSION = YES;
				GCC_WARN_ABOUT_RETURN_TYPE = YES_ERROR;
				GCC_WARN_UNDECLARED_SELECTOR = YES;
				GCC_WARN_UNINITIALIZED_AUTOS = YES_AGGRESSIVE;
				GCC_WARN_UNUSED_FUNCTION = YES;
				GCC_WARN_UNUSED_VARIABLE = YES;
				IPHONEOS_DEPLOYMENT_TARGET = 8.1;
				MTL_ENABLE_DEBUG_INFO = YES;
				ONLY_ACTIVE_ARCH = YES;
				SDKROOT = iphoneos;
				SWIFT_OPTIMIZATION_LEVEL = "-Onone";
				TARGETED_DEVICE_FAMILY = "1,2";
			};
			name = Debug;
		};
		D95376CE1A1DC3A100BF4935 /* Release */ = {
			isa = XCBuildConfiguration;
			buildSettings = {
				ALWAYS_SEARCH_USER_PATHS = NO;
				CLANG_CXX_LANGUAGE_STANDARD = "gnu++0x";
				CLANG_CXX_LIBRARY = "libc++";
				CLANG_ENABLE_MODULES = YES;
				CLANG_ENABLE_OBJC_ARC = YES;
				CLANG_WARN_BOOL_CONVERSION = YES;
				CLANG_WARN_CONSTANT_CONVERSION = YES;
				CLANG_WARN_DIRECT_OBJC_ISA_USAGE = YES_ERROR;
				CLANG_WARN_EMPTY_BODY = YES;
				CLANG_WARN_ENUM_CONVERSION = YES;
				CLANG_WARN_INT_CONVERSION = YES;
				CLANG_WARN_OBJC_ROOT_CLASS = YES_ERROR;
				CLANG_WARN_UNREACHABLE_CODE = YES;
				CLANG_WARN__DUPLICATE_METHOD_MATCH = YES;
				"CODE_SIGN_IDENTITY[sdk=iphoneos*]" = "";
				COPY_PHASE_STRIP = YES;
				ENABLE_NS_ASSERTIONS = NO;
				ENABLE_STRICT_OBJC_MSGSEND = YES;
				GCC_C_LANGUAGE_STANDARD = gnu99;
				GCC_WARN_64_TO_32_BIT_CONVERSION = YES;
				GCC_WARN_ABOUT_RETURN_TYPE = YES_ERROR;
				GCC_WARN_UNDECLARED_SELECTOR = YES;
				GCC_WARN_UNINITIALIZED_AUTOS = YES_AGGRESSIVE;
				GCC_WARN_UNUSED_FUNCTION = YES;
				GCC_WARN_UNUSED_VARIABLE = YES;
				IPHONEOS_DEPLOYMENT_TARGET = 8.1;
				MTL_ENABLE_DEBUG_INFO = NO;
				SDKROOT = iphoneos;
				TARGETED_DEVICE_FAMILY = "1,2";
				VALIDATE_PRODUCT = YES;
			};
			name = Release;
		};
		D95376D01A1DC3A100BF4935 /* Debug */ = {
			isa = XCBuildConfiguration;
			buildSettings = {
				ASSETCATALOG_COMPILER_APPICON_NAME = AppIcon;
				CODE_SIGN_IDENTITY = "iPhone Developer";
				"CODE_SIGN_IDENTITY[sdk=iphoneos*]" = "iPhone Developer";
				INFOPLIST_FILE = iOU/Info.plist;
				LD_RUNPATH_SEARCH_PATHS = "$(inherited) @executable_path/Frameworks";
				PRODUCT_BUNDLE_IDENTIFIER = "retsamypsapps-site-com.google.sites.$(PRODUCT_NAME:rfc1034identifier)";
				PRODUCT_NAME = "$(TARGET_NAME)";
			};
			name = Debug;
		};
		D95376D11A1DC3A100BF4935 /* Release */ = {
			isa = XCBuildConfiguration;
			buildSettings = {
				ASSETCATALOG_COMPILER_APPICON_NAME = AppIcon;
				CODE_SIGN_IDENTITY = "iPhone Developer";
				"CODE_SIGN_IDENTITY[sdk=iphoneos*]" = "iPhone Developer";
				INFOPLIST_FILE = iOU/Info.plist;
				LD_RUNPATH_SEARCH_PATHS = "$(inherited) @executable_path/Frameworks";
				PRODUCT_BUNDLE_IDENTIFIER = "retsamypsapps-site-com.google.sites.$(PRODUCT_NAME:rfc1034identifier)";
				PRODUCT_NAME = "$(TARGET_NAME)";
			};
			name = Release;
		};
		D95376D31A1DC3A100BF4935 /* Debug */ = {
			isa = XCBuildConfiguration;
			buildSettings = {
				BUNDLE_LOADER = "$(TEST_HOST)";
				"CODE_SIGN_IDENTITY[sdk=iphoneos*]" = "";
				FRAMEWORK_SEARCH_PATHS = (
					"$(SDKROOT)/Developer/Library/Frameworks",
					"$(inherited)",
				);
				GCC_PREPROCESSOR_DEFINITIONS = (
					"DEBUG=1",
					"$(inherited)",
				);
				INFOPLIST_FILE = iOUTests/Info.plist;
				LD_RUNPATH_SEARCH_PATHS = "$(inherited) @executable_path/Frameworks @loader_path/Frameworks";
				PRODUCT_BUNDLE_IDENTIFIER = "retsamypsapps-site-com.google.sites.$(PRODUCT_NAME:rfc1034identifier)";
				PRODUCT_NAME = "$(TARGET_NAME)";
				TEST_HOST = "$(BUILT_PRODUCTS_DIR)/iOU.app/iOU";
			};
			name = Debug;
		};
		D95376D41A1DC3A100BF4935 /* Release */ = {
			isa = XCBuildConfiguration;
			buildSettings = {
				BUNDLE_LOADER = "$(TEST_HOST)";
				"CODE_SIGN_IDENTITY[sdk=iphoneos*]" = "";
				FRAMEWORK_SEARCH_PATHS = (
					"$(SDKROOT)/Developer/Library/Frameworks",
					"$(inherited)",
				);
				INFOPLIST_FILE = iOUTests/Info.plist;
				LD_RUNPATH_SEARCH_PATHS = "$(inherited) @executable_path/Frameworks @loader_path/Frameworks";
				PRODUCT_BUNDLE_IDENTIFIER = "retsamypsapps-site-com.google.sites.$(PRODUCT_NAME:rfc1034identifier)";
				PRODUCT_NAME = "$(TARGET_NAME)";
				TEST_HOST = "$(BUILT_PRODUCTS_DIR)/iOU.app/iOU";
			};
			name = Release;
		};
/* End XCBuildConfiguration section */

/* Begin XCConfigurationList section */
		D95376A81A1DC3A100BF4935 /* Build configuration list for PBXProject "iOU" */ = {
			isa = XCConfigurationList;
			buildConfigurations = (
				D95376CD1A1DC3A100BF4935 /* Debug */,
				D95376CE1A1DC3A100BF4935 /* Release */,
			);
			defaultConfigurationIsVisible = 0;
			defaultConfigurationName = Release;
		};
		D95376CF1A1DC3A100BF4935 /* Build configuration list for PBXNativeTarget "iOU" */ = {
			isa = XCConfigurationList;
			buildConfigurations = (
				D95376D01A1DC3A100BF4935 /* Debug */,
				D95376D11A1DC3A100BF4935 /* Release */,
			);
			defaultConfigurationIsVisible = 0;
			defaultConfigurationName = Release;
		};
		D95376D21A1DC3A100BF4935 /* Build configuration list for PBXNativeTarget "iOUTests" */ = {
			isa = XCConfigurationList;
			buildConfigurations = (
				D95376D31A1DC3A100BF4935 /* Debug */,
				D95376D41A1DC3A100BF4935 /* Release */,
			);
			defaultConfigurationIsVisible = 0;
			defaultConfigurationName = Release;
		};
/* End XCConfigurationList section */

/* Begin XCVersionGroup section */
		D95377111A1DE37B00BF4935 /* iOU.xcdatamodeld */ = {
			isa = XCVersionGroup;
			children = (
				D95377121A1DE37B00BF4935 /* iOU.xcdatamodel */,
			);
			currentVersion = D95377121A1DE37B00BF4935 /* iOU.xcdatamodel */;
			path = iOU.xcdatamodeld;
			sourceTree = "<group>";
			versionGroupType = wrapper.xcdatamodel;
		};
/* End XCVersionGroup section */
	};
	rootObject = D95376A51A1DC3A100BF4935 /* Project object */;
}
